# This file is automatically @generated by Poetry 1.8.5 and should not be changed by hand.

[[package]]
name = "customtkinter"
version = "5.2.2"
description = "Create modern looking GUIs with Python"
optional = false
python-versions = ">=3.7"
files = [
    {file = "customtkinter-5.2.2-py3-none-any.whl", hash = "sha256:14ad3e7cd3cb3b9eb642b9d4e8711ae80d3f79fb82545ad11258eeffb2e6b37c"},
    {file = "customtkinter-5.2.2.tar.gz", hash = "sha256:fd8db3bafa961c982ee6030dba80b4c2e25858630756b513986db19113d8d207"},
]

[package.dependencies]
darkdetect = "*"
packaging = "*"

[[package]]
name = "darkdetect"
version = "0.8.0"
description = "Detect OS Dark Mode from Python"
optional = false
python-versions = ">=3.6"
files = [
    {file = "darkdetect-0.8.0-py3-none-any.whl", hash = "sha256:a7509ccf517eaad92b31c214f593dbcf138ea8a43b2935406bbd565e15527a85"},
    {file = "darkdetect-0.8.0.tar.gz", hash = "sha256:b5428e1170263eb5dea44c25dc3895edd75e6f52300986353cd63533fe7df8b1"},
]

[package.extras]
macos-listener = ["pyobjc-framework-Cocoa"]

[[package]]
name = "evdev"
version = "1.7.1"
description = "Bindings to the Linux input handling subsystem"
optional = false
python-versions = ">=3.6"
files = [
    {file = "evdev-1.7.1.tar.gz", hash = "sha256:0c72c370bda29d857e188d931019c32651a9c1ea977c08c8d939b1ced1637fde"},
]

[[package]]
name = "mss"
version = "10.0.0"
description = "An ultra fast cross-platform multiple screenshots module in pure python using ctypes."
optional = false
python-versions = ">=3.9"
files = [
    {file = "mss-10.0.0-py3-none-any.whl", hash = "sha256:82cf6460a53d09e79b7b6d871163c982e6c7e9649c426e7b7591b74956d5cb64"},
    {file = "mss-10.0.0.tar.gz", hash = "sha256:d903e0d51262bf0f8782841cf16eaa6d7e3e1f12eae35ab41c2e318837c6637f"},
]

[package.extras]
dev = ["build (==1.2.2.post1)", "mypy (==1.13.0)", "ruff (==0.7.3)", "twine (==5.1.1)"]
docs = ["sphinx (==8.1.3)"]
tests = ["numpy (==2.1.3)", "pillow (==11.0.0)", "pytest (==8.3.3)", "pytest-cov (==6.0.0)", "pytest-rerunfailures (==14.0.0)", "pyvirtualdisplay (==3.0)"]

[[package]]
name = "numpy"
version = "1.26.4"
description = "Fundamental package for array computing in Python"
optional = false
python-versions = ">=3.9"
files = [
    {file = "numpy-1.26.4-cp310-cp310-macosx_10_9_x86_64.whl", hash = "sha256:9ff0f4f29c51e2803569d7a51c2304de5554655a60c5d776e35b4a41413830d0"},
    {file = "numpy-1.26.4-cp310-cp310-macosx_11_0_arm64.whl", hash = "sha256:2e4ee3380d6de9c9ec04745830fd9e2eccb3e6cf790d39d7b98ffd19b0dd754a"},
    {file = "numpy-1.26.4-cp310-cp310-manylinux_2_17_aarch64.manylinux2014_aarch64.whl", hash = "sha256:d209d8969599b27ad20994c8e41936ee0964e6da07478d6c35016bc386b66ad4"},
    {file = "numpy-1.26.4-cp310-cp310-manylinux_2_17_x86_64.manylinux2014_x86_64.whl", hash = "sha256:ffa75af20b44f8dba823498024771d5ac50620e6915abac414251bd971b4529f"},
    {file = "numpy-1.26.4-cp310-cp310-musllinux_1_1_aarch64.whl", hash = "sha256:62b8e4b1e28009ef2846b4c7852046736bab361f7aeadeb6a5b89ebec3c7055a"},
    {file = "numpy-1.26.4-cp310-cp310-musllinux_1_1_x86_64.whl", hash = "sha256:a4abb4f9001ad2858e7ac189089c42178fcce737e4169dc61321660f1a96c7d2"},
    {file = "numpy-1.26.4-cp310-cp310-win32.whl", hash = "sha256:bfe25acf8b437eb2a8b2d49d443800a5f18508cd811fea3181723922a8a82b07"},
    {file = "numpy-1.26.4-cp310-cp310-win_amd64.whl", hash = "sha256:b97fe8060236edf3662adfc2c633f56a08ae30560c56310562cb4f95500022d5"},
    {file = "numpy-1.26.4-cp311-cp311-macosx_10_9_x86_64.whl", hash = "sha256:4c66707fabe114439db9068ee468c26bbdf909cac0fb58686a42a24de1760c71"},
    {file = "numpy-1.26.4-cp311-cp311-macosx_11_0_arm64.whl", hash = "sha256:edd8b5fe47dab091176d21bb6de568acdd906d1887a4584a15a9a96a1dca06ef"},
    {file = "numpy-1.26.4-cp311-cp311-manylinux_2_17_aarch64.manylinux2014_aarch64.whl", hash = "sha256:7ab55401287bfec946ced39700c053796e7cc0e3acbef09993a9ad2adba6ca6e"},
    {file = "numpy-1.26.4-cp311-cp311-manylinux_2_17_x86_64.manylinux2014_x86_64.whl", hash = "sha256:666dbfb6ec68962c033a450943ded891bed2d54e6755e35e5835d63f4f6931d5"},
    {file = "numpy-1.26.4-cp311-cp311-musllinux_1_1_aarch64.whl", hash = "sha256:96ff0b2ad353d8f990b63294c8986f1ec3cb19d749234014f4e7eb0112ceba5a"},
    {file = "numpy-1.26.4-cp311-cp311-musllinux_1_1_x86_64.whl", hash = "sha256:60dedbb91afcbfdc9bc0b1f3f402804070deed7392c23eb7a7f07fa857868e8a"},
    {file = "numpy-1.26.4-cp311-cp311-win32.whl", hash = "sha256:1af303d6b2210eb850fcf03064d364652b7120803a0b872f5211f5234b399f20"},
    {file = "numpy-1.26.4-cp311-cp311-win_amd64.whl", hash = "sha256:cd25bcecc4974d09257ffcd1f098ee778f7834c3ad767fe5db785be9a4aa9cb2"},
    {file = "numpy-1.26.4-cp312-cp312-macosx_10_9_x86_64.whl", hash = "sha256:b3ce300f3644fb06443ee2222c2201dd3a89ea6040541412b8fa189341847218"},
    {file = "numpy-1.26.4-cp312-cp312-macosx_11_0_arm64.whl", hash = "sha256:03a8c78d01d9781b28a6989f6fa1bb2c4f2d51201cf99d3dd875df6fbd96b23b"},
    {file = "numpy-1.26.4-cp312-cp312-manylinux_2_17_aarch64.manylinux2014_aarch64.whl", hash = "sha256:9fad7dcb1aac3c7f0584a5a8133e3a43eeb2fe127f47e3632d43d677c66c102b"},
    {file = "numpy-1.26.4-cp312-cp312-manylinux_2_17_x86_64.manylinux2014_x86_64.whl", hash = "sha256:675d61ffbfa78604709862923189bad94014bef562cc35cf61d3a07bba02a7ed"},
    {file = "numpy-1.26.4-cp312-cp312-musllinux_1_1_aarch64.whl", hash = "sha256:ab47dbe5cc8210f55aa58e4805fe224dac469cde56b9f731a4c098b91917159a"},
    {file = "numpy-1.26.4-cp312-cp312-musllinux_1_1_x86_64.whl", hash = "sha256:1dda2e7b4ec9dd512f84935c5f126c8bd8b9f2fc001e9f54af255e8c5f16b0e0"},
    {file = "numpy-1.26.4-cp312-cp312-win32.whl", hash = "sha256:50193e430acfc1346175fcbdaa28ffec49947a06918b7b92130744e81e640110"},
    {file = "numpy-1.26.4-cp312-cp312-win_amd64.whl", hash = "sha256:08beddf13648eb95f8d867350f6a018a4be2e5ad54c8d8caed89ebca558b2818"},
    {file = "numpy-1.26.4-cp39-cp39-macosx_10_9_x86_64.whl", hash = "sha256:7349ab0fa0c429c82442a27a9673fc802ffdb7c7775fad780226cb234965e53c"},
    {file = "numpy-1.26.4-cp39-cp39-macosx_11_0_arm64.whl", hash = "sha256:52b8b60467cd7dd1e9ed082188b4e6bb35aa5cdd01777621a1658910745b90be"},
    {file = "numpy-1.26.4-cp39-cp39-manylinux_2_17_aarch64.manylinux2014_aarch64.whl", hash = "sha256:d5241e0a80d808d70546c697135da2c613f30e28251ff8307eb72ba696945764"},
    {file = "numpy-1.26.4-cp39-cp39-manylinux_2_17_x86_64.manylinux2014_x86_64.whl", hash = "sha256:f870204a840a60da0b12273ef34f7051e98c3b5961b61b0c2c1be6dfd64fbcd3"},
    {file = "numpy-1.26.4-cp39-cp39-musllinux_1_1_aarch64.whl", hash = "sha256:679b0076f67ecc0138fd2ede3a8fd196dddc2ad3254069bcb9faf9a79b1cebcd"},
    {file = "numpy-1.26.4-cp39-cp39-musllinux_1_1_x86_64.whl", hash = "sha256:47711010ad8555514b434df65f7d7b076bb8261df1ca9bb78f53d3b2db02e95c"},
    {file = "numpy-1.26.4-cp39-cp39-win32.whl", hash = "sha256:a354325ee03388678242a4d7ebcd08b5c727033fcff3b2f536aea978e15ee9e6"},
    {file = "numpy-1.26.4-cp39-cp39-win_amd64.whl", hash = "sha256:3373d5d70a5fe74a2c1bb6d2cfd9609ecf686d47a2d7b1d37a8f3b6bf6003aea"},
    {file = "numpy-1.26.4-pp39-pypy39_pp73-macosx_10_9_x86_64.whl", hash = "sha256:afedb719a9dcfc7eaf2287b839d8198e06dcd4cb5d276a3df279231138e83d30"},
    {file = "numpy-1.26.4-pp39-pypy39_pp73-manylinux_2_17_x86_64.manylinux2014_x86_64.whl", hash = "sha256:95a7476c59002f2f6c590b9b7b998306fba6a5aa646b1e22ddfeaf8f78c3a29c"},
    {file = "numpy-1.26.4-pp39-pypy39_pp73-win_amd64.whl", hash = "sha256:7e50d0a0cc3189f9cb0aeb3a6a6af18c16f59f004b866cd2be1c14b36134a4a0"},
    {file = "numpy-1.26.4.tar.gz", hash = "sha256:2a02aba9ed12e4ac4eb3ea9421c420301a0c6460d9830d74a9df87efa4912010"},
]

[[package]]
name = "opencv-python"
version = "4.10.0.84"
description = "Wrapper package for OpenCV python bindings."
optional = false
python-versions = ">=3.6"
files = [
    {file = "opencv-python-4.10.0.84.tar.gz", hash = "sha256:72d234e4582e9658ffea8e9cae5b63d488ad06994ef12d81dc303b17472f3526"},
    {file = "opencv_python-4.10.0.84-cp37-abi3-macosx_11_0_arm64.whl", hash = "sha256:fc182f8f4cda51b45f01c64e4cbedfc2f00aff799debebc305d8d0210c43f251"},
    {file = "opencv_python-4.10.0.84-cp37-abi3-macosx_12_0_x86_64.whl", hash = "sha256:71e575744f1d23f79741450254660442785f45a0797212852ee5199ef12eed98"},
    {file = "opencv_python-4.10.0.84-cp37-abi3-manylinux_2_17_aarch64.manylinux2014_aarch64.whl", hash = "sha256:09a332b50488e2dda866a6c5573ee192fe3583239fb26ff2f7f9ceb0bc119ea6"},
    {file = "opencv_python-4.10.0.84-cp37-abi3-manylinux_2_17_x86_64.manylinux2014_x86_64.whl", hash = "sha256:9ace140fc6d647fbe1c692bcb2abce768973491222c067c131d80957c595b71f"},
    {file = "opencv_python-4.10.0.84-cp37-abi3-win32.whl", hash = "sha256:2db02bb7e50b703f0a2d50c50ced72e95c574e1e5a0bb35a8a86d0b35c98c236"},
    {file = "opencv_python-4.10.0.84-cp37-abi3-win_amd64.whl", hash = "sha256:32dbbd94c26f611dc5cc6979e6b7aa1f55a64d6b463cc1dcd3c95505a63e48fe"},
]

[package.dependencies]
numpy = {version = ">=1.26.0", markers = "python_version >= \"3.12\""}

[[package]]
name = "packaging"
version = "24.2"
description = "Core utilities for Python packages"
optional = false
python-versions = ">=3.8"
files = [
    {file = "packaging-24.2-py3-none-any.whl", hash = "sha256:09abb1bccd265c01f4a3aa3f7a7db064b36514d2cba19a2f694fe6150451a759"},
    {file = "packaging-24.2.tar.gz", hash = "sha256:c228a6dc5e932d346bc5739379109d49e8853dd8223571c7c5b55260edc0b97f"},
]

[[package]]
name = "pillow"
version = "10.4.0"
description = "Python Imaging Library (Fork)"
optional = false
python-versions = ">=3.8"
files = [
    {file = "pillow-10.4.0-cp310-cp310-macosx_10_10_x86_64.whl", hash = "sha256:4d9667937cfa347525b319ae34375c37b9ee6b525440f3ef48542fcf66f2731e"},
    {file = "pillow-10.4.0-cp310-cp310-macosx_11_0_arm64.whl", hash = "sha256:543f3dc61c18dafb755773efc89aae60d06b6596a63914107f75459cf984164d"},
    {file = "pillow-10.4.0-cp310-cp310-manylinux_2_17_aarch64.manylinux2014_aarch64.whl", hash = "sha256:7928ecbf1ece13956b95d9cbcfc77137652b02763ba384d9ab508099a2eca856"},
    {file = "pillow-10.4.0-cp310-cp310-manylinux_2_17_x86_64.manylinux2014_x86_64.whl", hash = "sha256:e4d49b85c4348ea0b31ea63bc75a9f3857869174e2bf17e7aba02945cd218e6f"},
    {file = "pillow-10.4.0-cp310-cp310-manylinux_2_28_aarch64.whl", hash = "sha256:6c762a5b0997f5659a5ef2266abc1d8851ad7749ad9a6a5506eb23d314e4f46b"},
    {file = "pillow-10.4.0-cp310-cp310-manylinux_2_28_x86_64.whl", hash = "sha256:a985e028fc183bf12a77a8bbf36318db4238a3ded7fa9df1b9a133f1cb79f8fc"},
    {file = "pillow-10.4.0-cp310-cp310-musllinux_1_2_aarch64.whl", hash = "sha256:812f7342b0eee081eaec84d91423d1b4650bb9828eb53d8511bcef8ce5aecf1e"},
    {file = "pillow-10.4.0-cp310-cp310-musllinux_1_2_x86_64.whl", hash = "sha256:ac1452d2fbe4978c2eec89fb5a23b8387aba707ac72810d9490118817d9c0b46"},
    {file = "pillow-10.4.0-cp310-cp310-win32.whl", hash = "sha256:bcd5e41a859bf2e84fdc42f4edb7d9aba0a13d29a2abadccafad99de3feff984"},
    {file = "pillow-10.4.0-cp310-cp310-win_amd64.whl", hash = "sha256:ecd85a8d3e79cd7158dec1c9e5808e821feea088e2f69a974db5edf84dc53141"},
    {file = "pillow-10.4.0-cp310-cp310-win_arm64.whl", hash = "sha256:ff337c552345e95702c5fde3158acb0625111017d0e5f24bf3acdb9cc16b90d1"},
    {file = "pillow-10.4.0-cp311-cp311-macosx_10_10_x86_64.whl", hash = "sha256:0a9ec697746f268507404647e531e92889890a087e03681a3606d9b920fbee3c"},
    {file = "pillow-10.4.0-cp311-cp311-macosx_11_0_arm64.whl", hash = "sha256:dfe91cb65544a1321e631e696759491ae04a2ea11d36715eca01ce07284738be"},
    {file = "pillow-10.4.0-cp311-cp311-manylinux_2_17_aarch64.manylinux2014_aarch64.whl", hash = "sha256:5dc6761a6efc781e6a1544206f22c80c3af4c8cf461206d46a1e6006e4429ff3"},
    {file = "pillow-10.4.0-cp311-cp311-manylinux_2_17_x86_64.manylinux2014_x86_64.whl", hash = "sha256:5e84b6cc6a4a3d76c153a6b19270b3526a5a8ed6b09501d3af891daa2a9de7d6"},
    {file = "pillow-10.4.0-cp311-cp311-manylinux_2_28_aarch64.whl", hash = "sha256:bbc527b519bd3aa9d7f429d152fea69f9ad37c95f0b02aebddff592688998abe"},
    {file = "pillow-10.4.0-cp311-cp311-manylinux_2_28_x86_64.whl", hash = "sha256:76a911dfe51a36041f2e756b00f96ed84677cdeb75d25c767f296c1c1eda1319"},
    {file = "pillow-10.4.0-cp311-cp311-musllinux_1_2_aarch64.whl", hash = "sha256:59291fb29317122398786c2d44427bbd1a6d7ff54017075b22be9d21aa59bd8d"},
    {file = "pillow-10.4.0-cp311-cp311-musllinux_1_2_x86_64.whl", hash = "sha256:416d3a5d0e8cfe4f27f574362435bc9bae57f679a7158e0096ad2beb427b8696"},
    {file = "pillow-10.4.0-cp311-cp311-win32.whl", hash = "sha256:7086cc1d5eebb91ad24ded9f58bec6c688e9f0ed7eb3dbbf1e4800280a896496"},
    {file = "pillow-10.4.0-cp311-cp311-win_amd64.whl", hash = "sha256:cbed61494057c0f83b83eb3a310f0bf774b09513307c434d4366ed64f4128a91"},
    {file = "pillow-10.4.0-cp311-cp311-win_arm64.whl", hash = "sha256:f5f0c3e969c8f12dd2bb7e0b15d5c468b51e5017e01e2e867335c81903046a22"},
    {file = "pillow-10.4.0-cp312-cp312-macosx_10_10_x86_64.whl", hash = "sha256:673655af3eadf4df6b5457033f086e90299fdd7a47983a13827acf7459c15d94"},
    {file = "pillow-10.4.0-cp312-cp312-macosx_11_0_arm64.whl", hash = "sha256:866b6942a92f56300012f5fbac71f2d610312ee65e22f1aa2609e491284e5597"},
    {file = "pillow-10.4.0-cp312-cp312-manylinux_2_17_aarch64.manylinux2014_aarch64.whl", hash = "sha256:29dbdc4207642ea6aad70fbde1a9338753d33fb23ed6956e706936706f52dd80"},
    {file = "pillow-10.4.0-cp312-cp312-manylinux_2_17_x86_64.manylinux2014_x86_64.whl", hash = "sha256:bf2342ac639c4cf38799a44950bbc2dfcb685f052b9e262f446482afaf4bffca"},
    {file = "pillow-10.4.0-cp312-cp312-manylinux_2_28_aarch64.whl", hash = "sha256:f5b92f4d70791b4a67157321c4e8225d60b119c5cc9aee8ecf153aace4aad4ef"},
    {file = "pillow-10.4.0-cp312-cp312-manylinux_2_28_x86_64.whl", hash = "sha256:86dcb5a1eb778d8b25659d5e4341269e8590ad6b4e8b44d9f4b07f8d136c414a"},
    {file = "pillow-10.4.0-cp312-cp312-musllinux_1_2_aarch64.whl", hash = "sha256:780c072c2e11c9b2c7ca37f9a2ee8ba66f44367ac3e5c7832afcfe5104fd6d1b"},
    {file = "pillow-10.4.0-cp312-cp312-musllinux_1_2_x86_64.whl", hash = "sha256:37fb69d905be665f68f28a8bba3c6d3223c8efe1edf14cc4cfa06c241f8c81d9"},
    {file = "pillow-10.4.0-cp312-cp312-win32.whl", hash = "sha256:7dfecdbad5c301d7b5bde160150b4db4c659cee2b69589705b6f8a0c509d9f42"},
    {file = "pillow-10.4.0-cp312-cp312-win_amd64.whl", hash = "sha256:1d846aea995ad352d4bdcc847535bd56e0fd88d36829d2c90be880ef1ee4668a"},
    {file = "pillow-10.4.0-cp312-cp312-win_arm64.whl", hash = "sha256:e553cad5179a66ba15bb18b353a19020e73a7921296a7979c4a2b7f6a5cd57f9"},
    {file = "pillow-10.4.0-cp313-cp313-macosx_10_13_x86_64.whl", hash = "sha256:8bc1a764ed8c957a2e9cacf97c8b2b053b70307cf2996aafd70e91a082e70df3"},
    {file = "pillow-10.4.0-cp313-cp313-macosx_11_0_arm64.whl", hash = "sha256:6209bb41dc692ddfee4942517c19ee81b86c864b626dbfca272ec0f7cff5d9fb"},
    {file = "pillow-10.4.0-cp313-cp313-manylinux_2_17_aarch64.manylinux2014_aarch64.whl", hash = "sha256:bee197b30783295d2eb680b311af15a20a8b24024a19c3a26431ff83eb8d1f70"},
    {file = "pillow-10.4.0-cp313-cp313-manylinux_2_17_x86_64.manylinux2014_x86_64.whl", hash = "sha256:1ef61f5dd14c300786318482456481463b9d6b91ebe5ef12f405afbba77ed0be"},
    {file = "pillow-10.4.0-cp313-cp313-manylinux_2_28_aarch64.whl", hash = "sha256:297e388da6e248c98bc4a02e018966af0c5f92dfacf5a5ca22fa01cb3179bca0"},
    {file = "pillow-10.4.0-cp313-cp313-manylinux_2_28_x86_64.whl", hash = "sha256:e4db64794ccdf6cb83a59d73405f63adbe2a1887012e308828596100a0b2f6cc"},
    {file = "pillow-10.4.0-cp313-cp313-musllinux_1_2_aarch64.whl", hash = "sha256:bd2880a07482090a3bcb01f4265f1936a903d70bc740bfcb1fd4e8a2ffe5cf5a"},
    {file = "pillow-10.4.0-cp313-cp313-musllinux_1_2_x86_64.whl", hash = "sha256:4b35b21b819ac1dbd1233317adeecd63495f6babf21b7b2512d244ff6c6ce309"},
    {file = "pillow-10.4.0-cp313-cp313-win32.whl", hash = "sha256:551d3fd6e9dc15e4c1eb6fc4ba2b39c0c7933fa113b220057a34f4bb3268a060"},
    {file = "pillow-10.4.0-cp313-cp313-win_amd64.whl", hash = "sha256:030abdbe43ee02e0de642aee345efa443740aa4d828bfe8e2eb11922ea6a21ea"},
    {file = "pillow-10.4.0-cp313-cp313-win_arm64.whl", hash = "sha256:5b001114dd152cfd6b23befeb28d7aee43553e2402c9f159807bf55f33af8a8d"},
    {file = "pillow-10.4.0-cp38-cp38-macosx_10_10_x86_64.whl", hash = "sha256:8d4d5063501b6dd4024b8ac2f04962d661222d120381272deea52e3fc52d3736"},
    {file = "pillow-10.4.0-cp38-cp38-macosx_11_0_arm64.whl", hash = "sha256:7c1ee6f42250df403c5f103cbd2768a28fe1a0ea1f0f03fe151c8741e1469c8b"},
    {file = "pillow-10.4.0-cp38-cp38-manylinux_2_17_aarch64.manylinux2014_aarch64.whl", hash = "sha256:b15e02e9bb4c21e39876698abf233c8c579127986f8207200bc8a8f6bb27acf2"},
    {file = "pillow-10.4.0-cp38-cp38-manylinux_2_17_x86_64.manylinux2014_x86_64.whl", hash = "sha256:7a8d4bade9952ea9a77d0c3e49cbd8b2890a399422258a77f357b9cc9be8d680"},
    {file = "pillow-10.4.0-cp38-cp38-manylinux_2_28_aarch64.whl", hash = "sha256:43efea75eb06b95d1631cb784aa40156177bf9dd5b4b03ff38979e048258bc6b"},
    {file = "pillow-10.4.0-cp38-cp38-manylinux_2_28_x86_64.whl", hash = "sha256:950be4d8ba92aca4b2bb0741285a46bfae3ca699ef913ec8416c1b78eadd64cd"},
    {file = "pillow-10.4.0-cp38-cp38-musllinux_1_2_aarch64.whl", hash = "sha256:d7480af14364494365e89d6fddc510a13e5a2c3584cb19ef65415ca57252fb84"},
    {file = "pillow-10.4.0-cp38-cp38-musllinux_1_2_x86_64.whl", hash = "sha256:73664fe514b34c8f02452ffb73b7a92c6774e39a647087f83d67f010eb9a0cf0"},
    {file = "pillow-10.4.0-cp38-cp38-win32.whl", hash = "sha256:e88d5e6ad0d026fba7bdab8c3f225a69f063f116462c49892b0149e21b6c0a0e"},
    {file = "pillow-10.4.0-cp38-cp38-win_amd64.whl", hash = "sha256:5161eef006d335e46895297f642341111945e2c1c899eb406882a6c61a4357ab"},
    {file = "pillow-10.4.0-cp39-cp39-macosx_10_10_x86_64.whl", hash = "sha256:0ae24a547e8b711ccaaf99c9ae3cd975470e1a30caa80a6aaee9a2f19c05701d"},
    {file = "pillow-10.4.0-cp39-cp39-macosx_11_0_arm64.whl", hash = "sha256:298478fe4f77a4408895605f3482b6cc6222c018b2ce565c2b6b9c354ac3229b"},
    {file = "pillow-10.4.0-cp39-cp39-manylinux_2_17_aarch64.manylinux2014_aarch64.whl", hash = "sha256:134ace6dc392116566980ee7436477d844520a26a4b1bd4053f6f47d096997fd"},
    {file = "pillow-10.4.0-cp39-cp39-manylinux_2_17_x86_64.manylinux2014_x86_64.whl", hash = "sha256:930044bb7679ab003b14023138b50181899da3f25de50e9dbee23b61b4de2126"},
    {file = "pillow-10.4.0-cp39-cp39-manylinux_2_28_aarch64.whl", hash = "sha256:c76e5786951e72ed3686e122d14c5d7012f16c8303a674d18cdcd6d89557fc5b"},
    {file = "pillow-10.4.0-cp39-cp39-manylinux_2_28_x86_64.whl", hash = "sha256:b2724fdb354a868ddf9a880cb84d102da914e99119211ef7ecbdc613b8c96b3c"},
    {file = "pillow-10.4.0-cp39-cp39-musllinux_1_2_aarch64.whl", hash = "sha256:dbc6ae66518ab3c5847659e9988c3b60dc94ffb48ef9168656e0019a93dbf8a1"},
    {file = "pillow-10.4.0-cp39-cp39-musllinux_1_2_x86_64.whl", hash = "sha256:06b2f7898047ae93fad74467ec3d28fe84f7831370e3c258afa533f81ef7f3df"},
    {file = "pillow-10.4.0-cp39-cp39-win32.whl", hash = "sha256:7970285ab628a3779aecc35823296a7869f889b8329c16ad5a71e4901a3dc4ef"},
    {file = "pillow-10.4.0-cp39-cp39-win_amd64.whl", hash = "sha256:961a7293b2457b405967af9c77dcaa43cc1a8cd50d23c532e62d48ab6cdd56f5"},
    {file = "pillow-10.4.0-cp39-cp39-win_arm64.whl", hash = "sha256:32cda9e3d601a52baccb2856b8ea1fc213c90b340c542dcef77140dfa3278a9e"},
    {file = "pillow-10.4.0-pp310-pypy310_pp73-macosx_10_15_x86_64.whl", hash = "sha256:5b4815f2e65b30f5fbae9dfffa8636d992d49705723fe86a3661806e069352d4"},
    {file = "pillow-10.4.0-pp310-pypy310_pp73-macosx_11_0_arm64.whl", hash = "sha256:8f0aef4ef59694b12cadee839e2ba6afeab89c0f39a3adc02ed51d109117b8da"},
    {file = "pillow-10.4.0-pp310-pypy310_pp73-manylinux_2_17_aarch64.manylinux2014_aarch64.whl", hash = "sha256:9f4727572e2918acaa9077c919cbbeb73bd2b3ebcfe033b72f858fc9fbef0026"},
    {file = "pillow-10.4.0-pp310-pypy310_pp73-manylinux_2_17_x86_64.manylinux2014_x86_64.whl", hash = "sha256:ff25afb18123cea58a591ea0244b92eb1e61a1fd497bf6d6384f09bc3262ec3e"},
    {file = "pillow-10.4.0-pp310-pypy310_pp73-manylinux_2_28_aarch64.whl", hash = "sha256:dc3e2db6ba09ffd7d02ae9141cfa0ae23393ee7687248d46a7507b75d610f4f5"},
    {file = "pillow-10.4.0-pp310-pypy310_pp73-manylinux_2_28_x86_64.whl", hash = "sha256:02a2be69f9c9b8c1e97cf2713e789d4e398c751ecfd9967c18d0ce304efbf885"},
    {file = "pillow-10.4.0-pp310-pypy310_pp73-win_amd64.whl", hash = "sha256:0755ffd4a0c6f267cccbae2e9903d95477ca2f77c4fcf3a3a09570001856c8a5"},
    {file = "pillow-10.4.0-pp39-pypy39_pp73-macosx_10_15_x86_64.whl", hash = "sha256:a02364621fe369e06200d4a16558e056fe2805d3468350df3aef21e00d26214b"},
    {file = "pillow-10.4.0-pp39-pypy39_pp73-macosx_11_0_arm64.whl", hash = "sha256:1b5dea9831a90e9d0721ec417a80d4cbd7022093ac38a568db2dd78363b00908"},
    {file = "pillow-10.4.0-pp39-pypy39_pp73-manylinux_2_17_aarch64.manylinux2014_aarch64.whl", hash = "sha256:9b885f89040bb8c4a1573566bbb2f44f5c505ef6e74cec7ab9068c900047f04b"},
    {file = "pillow-10.4.0-pp39-pypy39_pp73-manylinux_2_17_x86_64.manylinux2014_x86_64.whl", hash = "sha256:87dd88ded2e6d74d31e1e0a99a726a6765cda32d00ba72dc37f0651f306daaa8"},
    {file = "pillow-10.4.0-pp39-pypy39_pp73-manylinux_2_28_aarch64.whl", hash = "sha256:2db98790afc70118bd0255c2eeb465e9767ecf1f3c25f9a1abb8ffc8cfd1fe0a"},
    {file = "pillow-10.4.0-pp39-pypy39_pp73-manylinux_2_28_x86_64.whl", hash = "sha256:f7baece4ce06bade126fb84b8af1c33439a76d8a6fd818970215e0560ca28c27"},
    {file = "pillow-10.4.0-pp39-pypy39_pp73-win_amd64.whl", hash = "sha256:cfdd747216947628af7b259d274771d84db2268ca062dd5faf373639d00113a3"},
    {file = "pillow-10.4.0.tar.gz", hash = "sha256:166c1cd4d24309b30d61f79f4a9114b7b2313d7450912277855ff5dfd7cd4a06"},
]

[package.extras]
docs = ["furo", "olefile", "sphinx (>=7.3)", "sphinx-copybutton", "sphinx-inline-tabs", "sphinxext-opengraph"]
fpx = ["olefile"]
mic = ["olefile"]
tests = ["check-manifest", "coverage", "defusedxml", "markdown2", "olefile", "packaging", "pyroma", "pytest", "pytest-cov", "pytest-timeout"]
typing = ["typing-extensions"]
xmp = ["defusedxml"]

[[package]]
name = "pynput"
version = "1.7.7"
description = "Monitor and control user input devices"
optional = false
python-versions = "*"
files = [
    {file = "pynput-1.7.7-py2.py3-none-any.whl", hash = "sha256:afc43f651684c98818de048abc76adf9f2d3d797083cb07c1f82be764a2d44cb"},
]

[package.dependencies]
evdev = {version = ">=1.3", markers = "sys_platform in \"linux\""}
pyobjc-framework-ApplicationServices = {version = ">=8.0", markers = "sys_platform == \"darwin\""}
pyobjc-framework-Quartz = {version = ">=8.0", markers = "sys_platform == \"darwin\""}
python-xlib = {version = ">=0.17", markers = "sys_platform in \"linux\""}
six = "*"

[[package]]
name = "pyobjc-core"
version = "10.3.2"
description = "Python<->ObjC Interoperability Module"
optional = false
python-versions = ">=3.8"
files = [
    {file = "pyobjc_core-10.3.2-cp310-cp310-macosx_10_9_universal2.whl", hash = "sha256:acb40672d682851a5c7fd84e5041c4d069b62076168d72591abb5fcc871bb039"},
    {file = "pyobjc_core-10.3.2-cp311-cp311-macosx_10_9_universal2.whl", hash = "sha256:cea5e77659619ad93c782ca07644b6efe7d7ec6f59e46128843a0a87c1af511a"},
    {file = "pyobjc_core-10.3.2-cp312-cp312-macosx_10_13_universal2.whl", hash = "sha256:16644a92fb9661de841ba6115e5354db06a1d193a5e239046e840013c7b3874d"},
    {file = "pyobjc_core-10.3.2-cp313-cp313-macosx_10_13_universal2.whl", hash = "sha256:76b8b911d94501dac89821df349b1860bb770dce102a1a293f524b5b09dd9462"},
    {file = "pyobjc_core-10.3.2-cp313-cp313t-macosx_10_13_universal2.whl", hash = "sha256:8c6288fdb210b64115760a4504efbc4daffdc390d309e9318eb0e3e3b78d2828"},
    {file = "pyobjc_core-10.3.2-cp38-cp38-macosx_10_9_x86_64.whl", hash = "sha256:87901e9f7032f33eb4fa884e407bf2744d5a0791b379bfca783982a02be3f7fb"},
    {file = "pyobjc_core-10.3.2-cp38-cp38-macosx_11_0_universal2.whl", hash = "sha256:636971ab48a4198ca129e149fe58ccf85a7b4a9b93d27f5ae920d88eb2655431"},
    {file = "pyobjc_core-10.3.2-cp39-cp39-macosx_10_9_universal2.whl", hash = "sha256:48e9ac3af42b2340dae709a8b894f5ef7e5132d8546adcd1797cffcc449dabdc"},
    {file = "pyobjc_core-10.3.2.tar.gz", hash = "sha256:dbf1475d864ce594288ce03e94e3a98dc7f0e4639971eb1e312bdf6661c21e0e"},
]

[[package]]
name = "pyobjc-framework-applicationservices"
version = "10.3.2"
description = "Wrappers for the framework ApplicationServices on macOS"
optional = false
python-versions = ">=3.8"
files = [
    {file = "pyobjc_framework_ApplicationServices-10.3.2-cp310-cp310-macosx_10_9_universal2.whl", hash = "sha256:7e0d5d7d23a406508d59fee53bb91b1f559c055d744edc3172669b3fb0f9941b"},
    {file = "pyobjc_framework_ApplicationServices-10.3.2-cp311-cp311-macosx_10_9_universal2.whl", hash = "sha256:f0a0b47a0371246a02efcf9335ae3d18166e80e4237e25c25a13993f8df5cc1d"},
    {file = "pyobjc_framework_ApplicationServices-10.3.2-cp312-cp312-macosx_10_13_universal2.whl", hash = "sha256:b9174444599b6adf37c1d28915445d716324f1cdc70a1818f7cb4f181caeee1b"},
    {file = "pyobjc_framework_ApplicationServices-10.3.2-cp313-cp313-macosx_10_13_universal2.whl", hash = "sha256:18ea759e4792d3ed9e8b94f0d96f6fece647e365d0bb09bb935c32262822fe01"},
    {file = "pyobjc_framework_ApplicationServices-10.3.2-cp313-cp313t-macosx_10_13_universal2.whl", hash = "sha256:1b1db81225b993cd6f93c7271e13b0bbdfd3c89fae6f7111b21dd8933fab1269"},
    {file = "pyobjc_framework_ApplicationServices-10.3.2-cp38-cp38-macosx_10_9_x86_64.whl", hash = "sha256:ae434e7812c82bf959efaa1f7592bd3bb2ea47ce4eb90e4106ff901d81ecb49c"},
    {file = "pyobjc_framework_ApplicationServices-10.3.2-cp38-cp38-macosx_11_0_universal2.whl", hash = "sha256:3ba30d55f0c31066e20c850c3ddeef4e728805d1957e235d0dcec6cadd3d4b90"},
    {file = "pyobjc_framework_ApplicationServices-10.3.2-cp39-cp39-macosx_10_9_universal2.whl", hash = "sha256:323121f45aaa09dd8607e0554beb831184921ecaf69cd540debd91f2926d3b06"},
    {file = "pyobjc_framework_applicationservices-10.3.2.tar.gz", hash = "sha256:2116c3854ac07c022268eebc7cb40ccba30727df78442e57e0280b5193c8183c"},
]

[package.dependencies]
pyobjc-core = ">=10.3.2"
pyobjc-framework-Cocoa = ">=10.3.2"
pyobjc-framework-CoreText = ">=10.3.2"
pyobjc-framework-Quartz = ">=10.3.2"

[[package]]
name = "pyobjc-framework-cocoa"
version = "10.3.2"
description = "Wrappers for the Cocoa frameworks on macOS"
optional = false
python-versions = ">=3.8"
files = [
    {file = "pyobjc_framework_Cocoa-10.3.2-cp310-cp310-macosx_10_9_universal2.whl", hash = "sha256:61f44c2adab28fdf3aa3d593c9497a2d9ceb9583ed9814adb48828c385d83ff4"},
    {file = "pyobjc_framework_Cocoa-10.3.2-cp311-cp311-macosx_10_9_universal2.whl", hash = "sha256:7caaf8b260e81b27b7b787332846f644b9423bfc1536f6ec24edbde59ab77a87"},
    {file = "pyobjc_framework_Cocoa-10.3.2-cp312-cp312-macosx_10_13_universal2.whl", hash = "sha256:c49e99fc4b9e613fb308651b99d52a8a9ae9916c8ef27aa2f5d585b6678a59bf"},
    {file = "pyobjc_framework_Cocoa-10.3.2-cp313-cp313-macosx_10_13_universal2.whl", hash = "sha256:f1161b5713f9b9934c12649d73a6749617172e240f9431eff9e22175262fdfda"},
    {file = "pyobjc_framework_Cocoa-10.3.2-cp313-cp313t-macosx_10_13_universal2.whl", hash = "sha256:08e48b9ee4eb393447b2b781d16663b954bd10a26927df74f92e924c05568d89"},
    {file = "pyobjc_framework_Cocoa-10.3.2-cp38-cp38-macosx_10_9_x86_64.whl", hash = "sha256:7faa448d2038ae0e0287a326d390002e744bb6470e45995e2dbd16c892e4495a"},
    {file = "pyobjc_framework_Cocoa-10.3.2-cp38-cp38-macosx_11_0_universal2.whl", hash = "sha256:fcd53fee2be9708576617994b107aedc2c40824b648cd51e780e8399c0a447b6"},
    {file = "pyobjc_framework_Cocoa-10.3.2-cp39-cp39-macosx_10_9_universal2.whl", hash = "sha256:838fcf0d10674bde9ff64a3f20c0e188f2dc5e804476d80509b81c4ac1dabc59"},
    {file = "pyobjc_framework_cocoa-10.3.2.tar.gz", hash = "sha256:673968e5435845bef969bfe374f31a1a6dc660c98608d2b84d5cae6eafa5c39d"},
]

[package.dependencies]
pyobjc-core = ">=10.3.2"

[[package]]
name = "pyobjc-framework-coretext"
version = "10.3.2"
description = "Wrappers for the framework CoreText on macOS"
optional = false
python-versions = ">=3.8"
files = [
    {file = "pyobjc_framework_CoreText-10.3.2-cp310-cp310-macosx_10_9_universal2.whl", hash = "sha256:ead0b5b28031259d8874d641887fcbe106a8325773e142b054532859eb3d9ad3"},
    {file = "pyobjc_framework_CoreText-10.3.2-cp311-cp311-macosx_10_9_universal2.whl", hash = "sha256:c3b3cdf462442294319472bdacb013ce57f63f99325fa885b4b4a54a25bce201"},
    {file = "pyobjc_framework_CoreText-10.3.2-cp312-cp312-macosx_10_13_universal2.whl", hash = "sha256:6be644434ac69969cbf3cd4638ab0dfa5485da399d0e79e52b006658346d3881"},
    {file = "pyobjc_framework_CoreText-10.3.2-cp313-cp313-macosx_10_13_universal2.whl", hash = "sha256:1721a16419dd75cedf87239fcb8e4739057d3b63d23378f4b38bda12acbe815b"},
    {file = "pyobjc_framework_CoreText-10.3.2-cp313-cp313t-macosx_10_13_universal2.whl", hash = "sha256:685f3b3c2a65bf0f6709ea0e420ee1dac2610c939fe151a055feb8e7b477b845"},
    {file = "pyobjc_framework_CoreText-10.3.2-cp38-cp38-macosx_10_9_x86_64.whl", hash = "sha256:d39bb096d27707f905f305b820fc29e3b5d55d704a6fd9520398e295d4a2cce6"},
    {file = "pyobjc_framework_CoreText-10.3.2-cp38-cp38-macosx_11_0_universal2.whl", hash = "sha256:6834b003ffe652f0de92144a34b9ce2d4b000828df9c4d717be8bc955076b588"},
    {file = "pyobjc_framework_CoreText-10.3.2-cp39-cp39-macosx_10_9_universal2.whl", hash = "sha256:e76bab8328a729939035962d0cbbd2a191b3c02fae85431ea77b4469aa0c491d"},
    {file = "pyobjc_framework_coretext-10.3.2.tar.gz", hash = "sha256:b1184146c628ba59c21c59eaa8e12256118daf8823deb7fb12013ecdfbc7f578"},
]

[package.dependencies]
pyobjc-core = ">=10.3.2"
pyobjc-framework-Cocoa = ">=10.3.2"
pyobjc-framework-Quartz = ">=10.3.2"

[[package]]
name = "pyobjc-framework-quartz"
version = "10.3.2"
description = "Wrappers for the Quartz frameworks on macOS"
optional = false
python-versions = ">=3.8"
files = [
    {file = "pyobjc_framework_Quartz-10.3.2-cp310-cp310-macosx_10_9_universal2.whl", hash = "sha256:5574754c23895269751c2b78d2d2b33b6de415f562534a1432484558f0a5a293"},
    {file = "pyobjc_framework_Quartz-10.3.2-cp311-cp311-macosx_10_9_universal2.whl", hash = "sha256:4697f3ef1991f7877c201778005dc4098ced3d19d938ebf916384c8f795488d3"},
    {file = "pyobjc_framework_Quartz-10.3.2-cp312-cp312-macosx_10_13_universal2.whl", hash = "sha256:604188ee8ff051ffe74a12cb3274403fe9c3fa02b15fc4132685c0f74285ffe5"},
    {file = "pyobjc_framework_Quartz-10.3.2-cp313-cp313-macosx_10_13_universal2.whl", hash = "sha256:9e27fb446e012c9571bc163cff5f3036e9e6fa5caca06b5d7882ad1c6b6aaf0c"},
    {file = "pyobjc_framework_Quartz-10.3.2-cp313-cp313t-macosx_10_13_universal2.whl", hash = "sha256:d5bd6ef96a3d08c97cf2aca43a819113cdff494b5abebcedd7cf23b6d6e711f4"},
    {file = "pyobjc_framework_Quartz-10.3.2-cp38-cp38-macosx_10_9_x86_64.whl", hash = "sha256:d3b55ec27cffff18d98d73694001a211ad4cdf717f7d8ad76235f845771d8b5d"},
    {file = "pyobjc_framework_Quartz-10.3.2-cp38-cp38-macosx_11_0_universal2.whl", hash = "sha256:a58826db7e71de4654e5215b46f00f7825b17991078c9ba74ca729a4da024f82"},
    {file = "pyobjc_framework_Quartz-10.3.2-cp39-cp39-macosx_10_9_universal2.whl", hash = "sha256:6ede1001c28d27fc76f89a3243b3127dbd7dd03f39a3324766ae895cdcd1ebf1"},
    {file = "pyobjc_framework_quartz-10.3.2.tar.gz", hash = "sha256:193e7752c93e2d1304f914e3a8c069f4b66de237376c5285ba7c72e9ee0e3b15"},
]

[package.dependencies]
pyobjc-core = ">=10.3.2"
pyobjc-framework-Cocoa = ">=10.3.2"

[[package]]
name = "pytesseract"
version = "0.3.13"
description = "Python-tesseract is a python wrapper for Google's Tesseract-OCR"
optional = false
python-versions = ">=3.8"
files = [
    {file = "pytesseract-0.3.13-py3-none-any.whl", hash = "sha256:7a99c6c2ac598360693d83a416e36e0b33a67638bb9d77fdcac094a3589d4b34"},
    {file = "pytesseract-0.3.13.tar.gz", hash = "sha256:4bf5f880c99406f52a3cfc2633e42d9dc67615e69d8a509d74867d3baddb5db9"},
]

[package.dependencies]
packaging = ">=21.3"
Pillow = ">=8.0.0"

[[package]]
name = "python-xlib"
version = "0.33"
description = "Python X Library"
optional = false
python-versions = "*"
files = [
    {file = "python-xlib-0.33.tar.gz", hash = "sha256:55af7906a2c75ce6cb280a584776080602444f75815a7aff4d287bb2d7018b32"},
    {file = "python_xlib-0.33-py2.py3-none-any.whl", hash = "sha256:c3534038d42e0df2f1392a1b30a15a4ff5fdc2b86cfa94f072bf11b10a164398"},
]

[package.dependencies]
six = ">=1.10.0"

[[package]]
name = "pywin32"
version = "308"
description = "Python for Window Extensions"
optional = false
python-versions = "*"
files = [
    {file = "pywin32-308-cp310-cp310-win32.whl", hash = "sha256:796ff4426437896550d2981b9c2ac0ffd75238ad9ea2d3bfa67a1abd546d262e"},
    {file = "pywin32-308-cp310-cp310-win_amd64.whl", hash = "sha256:4fc888c59b3c0bef905ce7eb7e2106a07712015ea1c8234b703a088d46110e8e"},
    {file = "pywin32-308-cp310-cp310-win_arm64.whl", hash = "sha256:a5ab5381813b40f264fa3495b98af850098f814a25a63589a8e9eb12560f450c"},
    {file = "pywin32-308-cp311-cp311-win32.whl", hash = "sha256:5d8c8015b24a7d6855b1550d8e660d8daa09983c80e5daf89a273e5c6fb5095a"},
    {file = "pywin32-308-cp311-cp311-win_amd64.whl", hash = "sha256:575621b90f0dc2695fec346b2d6302faebd4f0f45c05ea29404cefe35d89442b"},
    {file = "pywin32-308-cp311-cp311-win_arm64.whl", hash = "sha256:100a5442b7332070983c4cd03f2e906a5648a5104b8a7f50175f7906efd16bb6"},
    {file = "pywin32-308-cp312-cp312-win32.whl", hash = "sha256:587f3e19696f4bf96fde9d8a57cec74a57021ad5f204c9e627e15c33ff568897"},
    {file = "pywin32-308-cp312-cp312-win_amd64.whl", hash = "sha256:00b3e11ef09ede56c6a43c71f2d31857cf7c54b0ab6e78ac659497abd2834f47"},
    {file = "pywin32-308-cp312-cp312-win_arm64.whl", hash = "sha256:9b4de86c8d909aed15b7011182c8cab38c8850de36e6afb1f0db22b8959e3091"},
    {file = "pywin32-308-cp313-cp313-win32.whl", hash = "sha256:1c44539a37a5b7b21d02ab34e6a4d314e0788f1690d65b48e9b0b89f31abbbed"},
    {file = "pywin32-308-cp313-cp313-win_amd64.whl", hash = "sha256:fd380990e792eaf6827fcb7e187b2b4b1cede0585e3d0c9e84201ec27b9905e4"},
    {file = "pywin32-308-cp313-cp313-win_arm64.whl", hash = "sha256:ef313c46d4c18dfb82a2431e3051ac8f112ccee1a34f29c263c583c568db63cd"},
    {file = "pywin32-308-cp37-cp37m-win32.whl", hash = "sha256:1f696ab352a2ddd63bd07430080dd598e6369152ea13a25ebcdd2f503a38f1ff"},
    {file = "pywin32-308-cp37-cp37m-win_amd64.whl", hash = "sha256:13dcb914ed4347019fbec6697a01a0aec61019c1046c2b905410d197856326a6"},
    {file = "pywin32-308-cp38-cp38-win32.whl", hash = "sha256:5794e764ebcabf4ff08c555b31bd348c9025929371763b2183172ff4708152f0"},
    {file = "pywin32-308-cp38-cp38-win_amd64.whl", hash = "sha256:3b92622e29d651c6b783e368ba7d6722b1634b8e70bd376fd7610fe1992e19de"},
    {file = "pywin32-308-cp39-cp39-win32.whl", hash = "sha256:7873ca4dc60ab3287919881a7d4f88baee4a6e639aa6962de25a98ba6b193341"},
    {file = "pywin32-308-cp39-cp39-win_amd64.whl", hash = "sha256:71b3322d949b4cc20776436a9c9ba0eeedcbc9c650daa536df63f0ff111bb920"},
]

[[package]]
name = "rapidfuzz"
version = "3.11.0"
description = "rapid fuzzy string matching"
optional = false
python-versions = ">=3.9"
files = [
    {file = "rapidfuzz-3.11.0-cp310-cp310-macosx_10_9_x86_64.whl", hash = "sha256:eb8a54543d16ab1b69e2c5ed96cabbff16db044a50eddfc028000138ca9ddf33"},
    {file = "rapidfuzz-3.11.0-cp310-cp310-macosx_11_0_arm64.whl", hash = "sha256:231c8b2efbd7f8d2ecd1ae900363ba168b8870644bb8f2b5aa96e4a7573bde19"},
    {file = "rapidfuzz-3.11.0-cp310-cp310-manylinux_2_17_aarch64.manylinux2014_aarch64.whl", hash = "sha256:54e7f442fb9cca81e9df32333fb075ef729052bcabe05b0afc0441f462299114"},
    {file = "rapidfuzz-3.11.0-cp310-cp310-manylinux_2_17_i686.manylinux2014_i686.whl", hash = "sha256:906f1f2a1b91c06599b3dd1be207449c5d4fc7bd1e1fa2f6aef161ea6223f165"},
    {file = "rapidfuzz-3.11.0-cp310-cp310-manylinux_2_17_ppc64le.manylinux2014_ppc64le.whl", hash = "sha256:8ed59044aea9eb6c663112170f2399b040d5d7b162828b141f2673e822093fa8"},
    {file = "rapidfuzz-3.11.0-cp310-cp310-manylinux_2_17_s390x.manylinux2014_s390x.whl", hash = "sha256:1cb1965a28b0fa64abdee130c788a0bc0bb3cf9ef7e3a70bf055c086c14a3d7e"},
    {file = "rapidfuzz-3.11.0-cp310-cp310-manylinux_2_17_x86_64.manylinux2014_x86_64.whl", hash = "sha256:0b488b244931d0291412917e6e46ee9f6a14376625e150056fe7c4426ef28225"},
    {file = "rapidfuzz-3.11.0-cp310-cp310-musllinux_1_2_aarch64.whl", hash = "sha256:f0ba13557fec9d5ffc0a22826754a7457cc77f1b25145be10b7bb1d143ce84c6"},
    {file = "rapidfuzz-3.11.0-cp310-cp310-musllinux_1_2_i686.whl", hash = "sha256:3871fa7dfcef00bad3c7e8ae8d8fd58089bad6fb21f608d2bf42832267ca9663"},
    {file = "rapidfuzz-3.11.0-cp310-cp310-musllinux_1_2_ppc64le.whl", hash = "sha256:b2669eafee38c5884a6e7cc9769d25c19428549dcdf57de8541cf9e82822e7db"},
    {file = "rapidfuzz-3.11.0-cp310-cp310-musllinux_1_2_s390x.whl", hash = "sha256:ffa1bb0e26297b0f22881b219ffc82a33a3c84ce6174a9d69406239b14575bd5"},
    {file = "rapidfuzz-3.11.0-cp310-cp310-musllinux_1_2_x86_64.whl", hash = "sha256:45b15b8a118856ac9caac6877f70f38b8a0d310475d50bc814698659eabc1cdb"},
    {file = "rapidfuzz-3.11.0-cp310-cp310-win32.whl", hash = "sha256:22033677982b9c4c49676f215b794b0404073f8974f98739cb7234e4a9ade9ad"},
    {file = "rapidfuzz-3.11.0-cp310-cp310-win_amd64.whl", hash = "sha256:be15496e7244361ff0efcd86e52559bacda9cd975eccf19426a0025f9547c792"},
    {file = "rapidfuzz-3.11.0-cp310-cp310-win_arm64.whl", hash = "sha256:714a7ba31ba46b64d30fccfe95f8013ea41a2e6237ba11a805a27cdd3bce2573"},
    {file = "rapidfuzz-3.11.0-cp311-cp311-macosx_10_9_x86_64.whl", hash = "sha256:8724a978f8af7059c5323d523870bf272a097478e1471295511cf58b2642ff83"},
    {file = "rapidfuzz-3.11.0-cp311-cp311-macosx_11_0_arm64.whl", hash = "sha256:8b63cb1f2eb371ef20fb155e95efd96e060147bdd4ab9fc400c97325dfee9fe1"},
    {file = "rapidfuzz-3.11.0-cp311-cp311-manylinux_2_17_aarch64.manylinux2014_aarch64.whl", hash = "sha256:82497f244aac10b20710448645f347d862364cc4f7d8b9ba14bd66b5ce4dec18"},
    {file = "rapidfuzz-3.11.0-cp311-cp311-manylinux_2_17_i686.manylinux2014_i686.whl", hash = "sha256:339607394941801e6e3f6c1ecd413a36e18454e7136ed1161388de674f47f9d9"},
    {file = "rapidfuzz-3.11.0-cp311-cp311-manylinux_2_17_ppc64le.manylinux2014_ppc64le.whl", hash = "sha256:84819390a36d6166cec706b9d8f0941f115f700b7faecab5a7e22fc367408bc3"},
    {file = "rapidfuzz-3.11.0-cp311-cp311-manylinux_2_17_s390x.manylinux2014_s390x.whl", hash = "sha256:eea8d9e20632d68f653455265b18c35f90965e26f30d4d92f831899d6682149b"},
    {file = "rapidfuzz-3.11.0-cp311-cp311-manylinux_2_17_x86_64.manylinux2014_x86_64.whl", hash = "sha256:5b659e1e2ea2784a9a397075a7fc395bfa4fe66424042161c4bcaf6e4f637b38"},
    {file = "rapidfuzz-3.11.0-cp311-cp311-musllinux_1_2_aarch64.whl", hash = "sha256:1315cd2a351144572e31fe3df68340d4b83ddec0af8b2e207cd32930c6acd037"},
    {file = "rapidfuzz-3.11.0-cp311-cp311-musllinux_1_2_i686.whl", hash = "sha256:a7743cca45b4684c54407e8638f6d07b910d8d811347b9d42ff21262c7c23245"},
    {file = "rapidfuzz-3.11.0-cp311-cp311-musllinux_1_2_ppc64le.whl", hash = "sha256:5bb636b0150daa6d3331b738f7c0f8b25eadc47f04a40e5c23c4bfb4c4e20ae3"},
    {file = "rapidfuzz-3.11.0-cp311-cp311-musllinux_1_2_s390x.whl", hash = "sha256:42f4dd264ada7a9aa0805ea0da776dc063533917773cf2df5217f14eb4429eae"},
    {file = "rapidfuzz-3.11.0-cp311-cp311-musllinux_1_2_x86_64.whl", hash = "sha256:51f24cb39e64256221e6952f22545b8ce21cacd59c0d3e367225da8fc4b868d8"},
    {file = "rapidfuzz-3.11.0-cp311-cp311-win32.whl", hash = "sha256:aaf391fb6715866bc14681c76dc0308f46877f7c06f61d62cc993b79fc3c4a2a"},
    {file = "rapidfuzz-3.11.0-cp311-cp311-win_amd64.whl", hash = "sha256:ebadd5b8624d8ad503e505a99b8eb26fe3ea9f8e9c2234e805a27b269e585842"},
    {file = "rapidfuzz-3.11.0-cp311-cp311-win_arm64.whl", hash = "sha256:d895998fec712544c13cfe833890e0226585cf0391dd3948412441d5d68a2b8c"},
    {file = "rapidfuzz-3.11.0-cp312-cp312-macosx_10_13_x86_64.whl", hash = "sha256:f382fec4a7891d66fb7163c90754454030bb9200a13f82ee7860b6359f3f2fa8"},
    {file = "rapidfuzz-3.11.0-cp312-cp312-macosx_11_0_arm64.whl", hash = "sha256:dfaefe08af2a928e72344c800dcbaf6508e86a4ed481e28355e8d4b6a6a5230e"},
    {file = "rapidfuzz-3.11.0-cp312-cp312-manylinux_2_17_aarch64.manylinux2014_aarch64.whl", hash = "sha256:92ebb7c12f682b5906ed98429f48a3dd80dd0f9721de30c97a01473d1a346576"},
    {file = "rapidfuzz-3.11.0-cp312-cp312-manylinux_2_17_i686.manylinux2014_i686.whl", hash = "sha256:9a1b3ebc62d4bcdfdeba110944a25ab40916d5383c5e57e7c4a8dc0b6c17211a"},
    {file = "rapidfuzz-3.11.0-cp312-cp312-manylinux_2_17_ppc64le.manylinux2014_ppc64le.whl", hash = "sha256:9c6d7fea39cb33e71de86397d38bf7ff1a6273e40367f31d05761662ffda49e4"},
    {file = "rapidfuzz-3.11.0-cp312-cp312-manylinux_2_17_s390x.manylinux2014_s390x.whl", hash = "sha256:99aebef8268f2bc0b445b5640fd3312e080bd17efd3fbae4486b20ac00466308"},
    {file = "rapidfuzz-3.11.0-cp312-cp312-manylinux_2_17_x86_64.manylinux2014_x86_64.whl", hash = "sha256:4469307f464ae3089acf3210b8fc279110d26d10f79e576f385a98f4429f7d97"},
    {file = "rapidfuzz-3.11.0-cp312-cp312-musllinux_1_2_aarch64.whl", hash = "sha256:eb97c53112b593f89a90b4f6218635a9d1eea1d7f9521a3b7d24864228bbc0aa"},
    {file = "rapidfuzz-3.11.0-cp312-cp312-musllinux_1_2_i686.whl", hash = "sha256:ef8937dae823b889c0273dfa0f0f6c46a3658ac0d851349c464d1b00e7ff4252"},
    {file = "rapidfuzz-3.11.0-cp312-cp312-musllinux_1_2_ppc64le.whl", hash = "sha256:d95f9e9f3777b96241d8a00d6377cc9c716981d828b5091082d0fe3a2924b43e"},
    {file = "rapidfuzz-3.11.0-cp312-cp312-musllinux_1_2_s390x.whl", hash = "sha256:b1d67d67f89e4e013a5295e7523bc34a7a96f2dba5dd812c7c8cb65d113cbf28"},
    {file = "rapidfuzz-3.11.0-cp312-cp312-musllinux_1_2_x86_64.whl", hash = "sha256:d994cf27e2f874069884d9bddf0864f9b90ad201fcc9cb2f5b82bacc17c8d5f2"},
    {file = "rapidfuzz-3.11.0-cp312-cp312-win32.whl", hash = "sha256:ba26d87fe7fcb56c4a53b549a9e0e9143f6b0df56d35fe6ad800c902447acd5b"},
    {file = "rapidfuzz-3.11.0-cp312-cp312-win_amd64.whl", hash = "sha256:b1f7efdd7b7adb32102c2fa481ad6f11923e2deb191f651274be559d56fc913b"},
    {file = "rapidfuzz-3.11.0-cp312-cp312-win_arm64.whl", hash = "sha256:ed78c8e94f57b44292c1a0350f580e18d3a3c5c0800e253f1583580c1b417ad2"},
    {file = "rapidfuzz-3.11.0-cp313-cp313-macosx_10_13_x86_64.whl", hash = "sha256:e60814edd0c9b511b5f377d48b9782b88cfe8be07a98f99973669299c8bb318a"},
    {file = "rapidfuzz-3.11.0-cp313-cp313-macosx_11_0_arm64.whl", hash = "sha256:3f28952da055dbfe75828891cd3c9abf0984edc8640573c18b48c14c68ca5e06"},
    {file = "rapidfuzz-3.11.0-cp313-cp313-manylinux_2_17_aarch64.manylinux2014_aarch64.whl", hash = "sha256:5e8f93bc736020351a6f8e71666e1f486bb8bd5ce8112c443a30c77bfde0eb68"},
    {file = "rapidfuzz-3.11.0-cp313-cp313-manylinux_2_17_i686.manylinux2014_i686.whl", hash = "sha256:76a4a11ba8f678c9e5876a7d465ab86def047a4fcc043617578368755d63a1bc"},
    {file = "rapidfuzz-3.11.0-cp313-cp313-manylinux_2_17_ppc64le.manylinux2014_ppc64le.whl", hash = "sha256:dc0e0d41ad8a056a9886bac91ff9d9978e54a244deb61c2972cc76b66752de9c"},
    {file = "rapidfuzz-3.11.0-cp313-cp313-manylinux_2_17_s390x.manylinux2014_s390x.whl", hash = "sha256:5e8ea35f2419c7d56b3e75fbde2698766daedb374f20eea28ac9b1f668ef4f74"},
    {file = "rapidfuzz-3.11.0-cp313-cp313-manylinux_2_17_x86_64.manylinux2014_x86_64.whl", hash = "sha256:cd340bbd025302276b5aa221dccfe43040c7babfc32f107c36ad783f2ffd8775"},
    {file = "rapidfuzz-3.11.0-cp313-cp313-musllinux_1_2_aarch64.whl", hash = "sha256:494eef2c68305ab75139034ea25328a04a548d297712d9cf887bf27c158c388b"},
    {file = "rapidfuzz-3.11.0-cp313-cp313-musllinux_1_2_i686.whl", hash = "sha256:5a167344c1d6db06915fb0225592afdc24d8bafaaf02de07d4788ddd37f4bc2f"},
    {file = "rapidfuzz-3.11.0-cp313-cp313-musllinux_1_2_ppc64le.whl", hash = "sha256:8c7af25bda96ac799378ac8aba54a8ece732835c7b74cfc201b688a87ed11152"},
    {file = "rapidfuzz-3.11.0-cp313-cp313-musllinux_1_2_s390x.whl", hash = "sha256:d2a0f7e17f33e7890257367a1662b05fecaf56625f7dbb6446227aaa2b86448b"},
    {file = "rapidfuzz-3.11.0-cp313-cp313-musllinux_1_2_x86_64.whl", hash = "sha256:4d0d26c7172bdb64f86ee0765c5b26ea1dc45c52389175888ec073b9b28f4305"},
    {file = "rapidfuzz-3.11.0-cp313-cp313-win32.whl", hash = "sha256:6ad02bab756751c90fa27f3069d7b12146613061341459abf55f8190d899649f"},
    {file = "rapidfuzz-3.11.0-cp313-cp313-win_amd64.whl", hash = "sha256:b1472986fd9c5d318399a01a0881f4a0bf4950264131bb8e2deba9df6d8c362b"},
    {file = "rapidfuzz-3.11.0-cp313-cp313-win_arm64.whl", hash = "sha256:c408f09649cbff8da76f8d3ad878b64ba7f7abdad1471efb293d2c075e80c822"},
    {file = "rapidfuzz-3.11.0-cp39-cp39-macosx_10_9_x86_64.whl", hash = "sha256:1bac4873f6186f5233b0084b266bfb459e997f4c21fc9f029918f44a9eccd304"},
    {file = "rapidfuzz-3.11.0-cp39-cp39-macosx_11_0_arm64.whl", hash = "sha256:4f9f12c2d0aa52b86206d2059916153876a9b1cf9dfb3cf2f344913167f1c3d4"},
    {file = "rapidfuzz-3.11.0-cp39-cp39-manylinux_2_17_aarch64.manylinux2014_aarch64.whl", hash = "sha256:8dd501de6f7a8f83557d20613b58734d1cb5f0be78d794cde64fe43cfc63f5f2"},
    {file = "rapidfuzz-3.11.0-cp39-cp39-manylinux_2_17_i686.manylinux2014_i686.whl", hash = "sha256:4416ca69af933d4a8ad30910149d3db6d084781d5c5fdedb713205389f535385"},
    {file = "rapidfuzz-3.11.0-cp39-cp39-manylinux_2_17_ppc64le.manylinux2014_ppc64le.whl", hash = "sha256:f0821b9bdf18c5b7d51722b906b233a39b17f602501a966cfbd9b285f8ab83cd"},
    {file = "rapidfuzz-3.11.0-cp39-cp39-manylinux_2_17_s390x.manylinux2014_s390x.whl", hash = "sha256:d0edecc3f90c2653298d380f6ea73b536944b767520c2179ec5d40b9145e47aa"},
    {file = "rapidfuzz-3.11.0-cp39-cp39-manylinux_2_17_x86_64.manylinux2014_x86_64.whl", hash = "sha256:4513dd01cee11e354c31b75f652d4d466c9440b6859f84e600bdebfccb17735a"},
    {file = "rapidfuzz-3.11.0-cp39-cp39-musllinux_1_2_aarch64.whl", hash = "sha256:d9727b85511b912571a76ce53c7640ba2c44c364e71cef6d7359b5412739c570"},
    {file = "rapidfuzz-3.11.0-cp39-cp39-musllinux_1_2_i686.whl", hash = "sha256:ab9eab33ee3213f7751dc07a1a61b8d9a3d748ca4458fffddd9defa6f0493c16"},
    {file = "rapidfuzz-3.11.0-cp39-cp39-musllinux_1_2_ppc64le.whl", hash = "sha256:6b01c1ddbb054283797967ddc5433d5c108d680e8fa2684cf368be05407b07e4"},
    {file = "rapidfuzz-3.11.0-cp39-cp39-musllinux_1_2_s390x.whl", hash = "sha256:3857e335f97058c4b46fa39ca831290b70de554a5c5af0323d2f163b19c5f2a6"},
    {file = "rapidfuzz-3.11.0-cp39-cp39-musllinux_1_2_x86_64.whl", hash = "sha256:d98a46cf07c0c875d27e8a7ed50f304d83063e49b9ab63f21c19c154b4c0d08d"},
    {file = "rapidfuzz-3.11.0-cp39-cp39-win32.whl", hash = "sha256:c36539ed2c0173b053dafb221458812e178cfa3224ade0960599bec194637048"},
    {file = "rapidfuzz-3.11.0-cp39-cp39-win_amd64.whl", hash = "sha256:ec8d7d8567e14af34a7911c98f5ac74a3d4a743cd848643341fc92b12b3784ff"},
    {file = "rapidfuzz-3.11.0-cp39-cp39-win_arm64.whl", hash = "sha256:62171b270ecc4071be1c1f99960317db261d4c8c83c169e7f8ad119211fe7397"},
    {file = "rapidfuzz-3.11.0-pp310-pypy310_pp73-macosx_10_15_x86_64.whl", hash = "sha256:f06e3c4c0a8badfc4910b9fd15beb1ad8f3b8fafa8ea82c023e5e607b66a78e4"},
    {file = "rapidfuzz-3.11.0-pp310-pypy310_pp73-macosx_11_0_arm64.whl", hash = "sha256:fe7aaf5a54821d340d21412f7f6e6272a9b17a0cbafc1d68f77f2fc11009dcd5"},
    {file = "rapidfuzz-3.11.0-pp310-pypy310_pp73-manylinux_2_17_aarch64.manylinux2014_aarch64.whl", hash = "sha256:25398d9ac7294e99876a3027ffc52c6bebeb2d702b1895af6ae9c541ee676702"},
    {file = "rapidfuzz-3.11.0-pp310-pypy310_pp73-manylinux_2_17_i686.manylinux2014_i686.whl", hash = "sha256:9a52eea839e4bdc72c5e60a444d26004da00bb5bc6301e99b3dde18212e41465"},
    {file = "rapidfuzz-3.11.0-pp310-pypy310_pp73-manylinux_2_17_x86_64.manylinux2014_x86_64.whl", hash = "sha256:2c87319b0ab9d269ab84f6453601fd49b35d9e4a601bbaef43743f26fabf496c"},
    {file = "rapidfuzz-3.11.0-pp310-pypy310_pp73-win_amd64.whl", hash = "sha256:3048c6ed29d693fba7d2a7caf165f5e0bb2b9743a0989012a98a47b975355cca"},
    {file = "rapidfuzz-3.11.0-pp39-pypy39_pp73-macosx_10_15_x86_64.whl", hash = "sha256:b04f29735bad9f06bb731c214f27253bd8bedb248ef9b8a1b4c5bde65b838454"},
    {file = "rapidfuzz-3.11.0-pp39-pypy39_pp73-macosx_11_0_arm64.whl", hash = "sha256:7864e80a0d4e23eb6194254a81ee1216abdc53f9dc85b7f4d56668eced022eb8"},
    {file = "rapidfuzz-3.11.0-pp39-pypy39_pp73-manylinux_2_17_aarch64.manylinux2014_aarch64.whl", hash = "sha256:3794df87313dfb56fafd679b962e0613c88a293fd9bd5dd5c2793d66bf06a101"},
    {file = "rapidfuzz-3.11.0-pp39-pypy39_pp73-manylinux_2_17_i686.manylinux2014_i686.whl", hash = "sha256:d71da0012face6f45432a11bc59af19e62fac5a41f8ce489e80c0add8153c3d1"},
    {file = "rapidfuzz-3.11.0-pp39-pypy39_pp73-manylinux_2_17_x86_64.manylinux2014_x86_64.whl", hash = "sha256:ff38378346b7018f42cbc1f6d1d3778e36e16d8595f79a312b31e7c25c50bd08"},
    {file = "rapidfuzz-3.11.0-pp39-pypy39_pp73-win_amd64.whl", hash = "sha256:6668321f90aa02a5a789d4e16058f2e4f2692c5230252425c3532a8a62bc3424"},
    {file = "rapidfuzz-3.11.0.tar.gz", hash = "sha256:a53ca4d3f52f00b393fab9b5913c5bafb9afc27d030c8a1db1283da6917a860f"},
]

[package.extras]
all = ["numpy"]

[[package]]
name = "six"
version = "1.17.0"
description = "Python 2 and 3 compatibility utilities"
optional = false
python-versions = "!=3.0.*,!=3.1.*,!=3.2.*,>=2.7"
files = [
    {file = "six-1.17.0-py2.py3-none-any.whl", hash = "sha256:4721f391ed90541fddacab5acf947aa0d3dc7d27b2e1e8eda2be8970586c3274"},
    {file = "six-1.17.0.tar.gz", hash = "sha256:ff70335d468e7eb6ec65b95b99d3a2836546063f63acc5171de367e834932a81"},
]

[metadata]
lock-version = "2.0"
python-versions = "^3.12"
content-hash = "046a65105c645f17b57a446916693f432e66b8b357cbac5c87a35fa4ad260641"
